
Microsoft Visual Studio Solution File, Format Version 12.00
# Visual Studio Version 17
VisualStudioVersion = 17.14.36414.22
MinimumVisualStudioVersion = 10.0.40219.1
Project("{FAE04EC0-301F-11D3-BF4B-00C04F79EFBC}") = "c_sharp_base_v2", "c_sharp_base_v2\c_sharp_base_v2.csproj", "{BFB52B29-A3EE-E029-795B-58D4DB2197FD}"
	ProjectSection(ProjectDependencies) = postProject
		{1A4BFB0D-99CB-54E2-47AE-F392F3B1A180} = {1A4BFB0D-99CB-54E2-47AE-F392F3B1A180}
		{30ED9435-F00A-E1D7-0AA8-DCD576F89936} = {30ED9435-F00A-E1D7-0AA8-DCD576F89936}
		{CE80AEE6-8531-AFDD-ADD4-CA5F2C1C5693} = {CE80AEE6-8531-AFDD-ADD4-CA5F2C1C5693}
		{DD148A9D-0DDB-60C5-B6DF-3CF2ADE9AF81} = {DD148A9D-0DDB-60C5-B6DF-3CF2ADE9AF81}
	EndProjectSection
EndProject
Project("{FAE04EC0-301F-11D3-BF4B-00C04F79EFBC}") = "hahahalib", "hahahalib\hahahalib\hahahalib.csproj", "{30ED9435-F00A-E1D7-0AA8-DCD576F89936}"
EndProject
Project("{FAE04EC0-301F-11D3-BF4B-00C04F79EFBC}") = "hahahaUIlib", "hahahaUIlib\hahahaUIlib\hahahaUIlib.csproj", "{1A4BFB0D-99CB-54E2-47AE-F392F3B1A180}"
EndProject
Project("{FAE04EC0-301F-11D3-BF4B-00C04F79EFBC}") = "hahaha_main_dll", "project\hahaha_main_dll\hahaha_main_dll.csproj", "{CE80AEE6-8531-AFDD-ADD4-CA5F2C1C5693}"
	ProjectSection(ProjectDependencies) = postProject
		{0214066A-EA0E-2C6C-C990-95A226334B11} = {0214066A-EA0E-2C6C-C990-95A226334B11}
		{1A4BFB0D-99CB-54E2-47AE-F392F3B1A180} = {1A4BFB0D-99CB-54E2-47AE-F392F3B1A180}
		{30ED9435-F00A-E1D7-0AA8-DCD576F89936} = {30ED9435-F00A-E1D7-0AA8-DCD576F89936}
	EndProjectSection
EndProject
Project("{FAE04EC0-301F-11D3-BF4B-00C04F79EFBC}") = "hahaha_sub_dll", "project\hahaha_sub_dll\hahaha_sub_dll.csproj", "{DD148A9D-0DDB-60C5-B6DF-3CF2ADE9AF81}"
	ProjectSection(ProjectDependencies) = postProject
		{0214066A-EA0E-2C6C-C990-95A226334B11} = {0214066A-EA0E-2C6C-C990-95A226334B11}
		{1A4BFB0D-99CB-54E2-47AE-F392F3B1A180} = {1A4BFB0D-99CB-54E2-47AE-F392F3B1A180}
		{30ED9435-F00A-E1D7-0AA8-DCD576F89936} = {30ED9435-F00A-E1D7-0AA8-DCD576F89936}
	EndProjectSection
EndProject
Project("{FAE04EC0-301F-11D3-BF4B-00C04F79EFBC}") = "hahaha_sub_lib", "hahaha_sub_lib\hahaha_sub_lib.csproj", "{0214066A-EA0E-2C6C-C990-95A226334B11}"
	ProjectSection(ProjectDependencies) = postProject
		{1A4BFB0D-99CB-54E2-47AE-F392F3B1A180} = {1A4BFB0D-99CB-54E2-47AE-F392F3B1A180}
		{30ED9435-F00A-E1D7-0AA8-DCD576F89936} = {30ED9435-F00A-E1D7-0AA8-DCD576F89936}
	EndProjectSection
EndProject
Global
	GlobalSection(SolutionConfigurationPlatforms) = preSolution
		Debug|Any CPU = Debug|Any CPU
		Debug|x64 = Debug|x64
		Release|Any CPU = Release|Any CPU
		Release|x64 = Release|x64
	EndGlobalSection
	GlobalSection(ProjectConfigurationPlatforms) = postSolution
		{BFB52B29-A3EE-E029-795B-58D4DB2197FD}.Debug|Any CPU.ActiveCfg = Debug|Any CPU
		{BFB52B29-A3EE-E029-795B-58D4DB2197FD}.Debug|Any CPU.Build.0 = Debug|Any CPU
		{BFB52B29-A3EE-E029-795B-58D4DB2197FD}.Debug|x64.ActiveCfg = Debug|x64
		{BFB52B29-A3EE-E029-795B-58D4DB2197FD}.Debug|x64.Build.0 = Debug|x64
		{BFB52B29-A3EE-E029-795B-58D4DB2197FD}.Release|Any CPU.ActiveCfg = Release|Any CPU
		{BFB52B29-A3EE-E029-795B-58D4DB2197FD}.Release|Any CPU.Build.0 = Release|Any CPU
		{BFB52B29-A3EE-E029-795B-58D4DB2197FD}.Release|x64.ActiveCfg = Release|x64
		{BFB52B29-A3EE-E029-795B-58D4DB2197FD}.Release|x64.Build.0 = Release|x64
		{30ED9435-F00A-E1D7-0AA8-DCD576F89936}.Debug|Any CPU.ActiveCfg = Debug|Any CPU
		{30ED9435-F00A-E1D7-0AA8-DCD576F89936}.Debug|Any CPU.Build.0 = Debug|Any CPU
		{30ED9435-F00A-E1D7-0AA8-DCD576F89936}.Debug|x64.ActiveCfg = Debug|x64
		{30ED9435-F00A-E1D7-0AA8-DCD576F89936}.Debug|x64.Build.0 = Debug|x64
		{30ED9435-F00A-E1D7-0AA8-DCD576F89936}.Release|Any CPU.ActiveCfg = Release|Any CPU
		{30ED9435-F00A-E1D7-0AA8-DCD576F89936}.Release|Any CPU.Build.0 = Release|Any CPU
		{30ED9435-F00A-E1D7-0AA8-DCD576F89936}.Release|x64.ActiveCfg = Release|x64
		{30ED9435-F00A-E1D7-0AA8-DCD576F89936}.Release|x64.Build.0 = Release|x64
		{1A4BFB0D-99CB-54E2-47AE-F392F3B1A180}.Debug|Any CPU.ActiveCfg = Debug|Any CPU
		{1A4BFB0D-99CB-54E2-47AE-F392F3B1A180}.Debug|Any CPU.Build.0 = Debug|Any CPU
		{1A4BFB0D-99CB-54E2-47AE-F392F3B1A180}.Debug|x64.ActiveCfg = Debug|x64
		{1A4BFB0D-99CB-54E2-47AE-F392F3B1A180}.Debug|x64.Build.0 = Debug|x64
		{1A4BFB0D-99CB-54E2-47AE-F392F3B1A180}.Release|Any CPU.ActiveCfg = Release|Any CPU
		{1A4BFB0D-99CB-54E2-47AE-F392F3B1A180}.Release|Any CPU.Build.0 = Release|Any CPU
		{1A4BFB0D-99CB-54E2-47AE-F392F3B1A180}.Release|x64.ActiveCfg = Release|x64
		{1A4BFB0D-99CB-54E2-47AE-F392F3B1A180}.Release|x64.Build.0 = Release|x64
		{CE80AEE6-8531-AFDD-ADD4-CA5F2C1C5693}.Debug|Any CPU.ActiveCfg = Debug|Any CPU
		{CE80AEE6-8531-AFDD-ADD4-CA5F2C1C5693}.Debug|Any CPU.Build.0 = Debug|Any CPU
		{CE80AEE6-8531-AFDD-ADD4-CA5F2C1C5693}.Debug|x64.ActiveCfg = Debug|x64
		{CE80AEE6-8531-AFDD-ADD4-CA5F2C1C5693}.Debug|x64.Build.0 = Debug|x64
		{CE80AEE6-8531-AFDD-ADD4-CA5F2C1C5693}.Release|Any CPU.ActiveCfg = Release|Any CPU
		{CE80AEE6-8531-AFDD-ADD4-CA5F2C1C5693}.Release|Any CPU.Build.0 = Release|Any CPU
		{CE80AEE6-8531-AFDD-ADD4-CA5F2C1C5693}.Release|x64.ActiveCfg = Release|x64
		{CE80AEE6-8531-AFDD-ADD4-CA5F2C1C5693}.Release|x64.Build.0 = Release|x64
		{DD148A9D-0DDB-60C5-B6DF-3CF2ADE9AF81}.Debug|Any CPU.ActiveCfg = Debug|Any CPU
		{DD148A9D-0DDB-60C5-B6DF-3CF2ADE9AF81}.Debug|Any CPU.Build.0 = Debug|Any CPU
		{DD148A9D-0DDB-60C5-B6DF-3CF2ADE9AF81}.Debug|x64.ActiveCfg = Debug|x64
		{DD148A9D-0DDB-60C5-B6DF-3CF2ADE9AF81}.Debug|x64.Build.0 = Debug|x64
		{DD148A9D-0DDB-60C5-B6DF-3CF2ADE9AF81}.Release|Any CPU.ActiveCfg = Release|Any CPU
		{DD148A9D-0DDB-60C5-B6DF-3CF2ADE9AF81}.Release|Any CPU.Build.0 = Release|Any CPU
		{DD148A9D-0DDB-60C5-B6DF-3CF2ADE9AF81}.Release|x64.ActiveCfg = Release|x64
		{DD148A9D-0DDB-60C5-B6DF-3CF2ADE9AF81}.Release|x64.Build.0 = Release|x64
		{0214066A-EA0E-2C6C-C990-95A226334B11}.Debug|Any CPU.ActiveCfg = Debug|Any CPU
		{0214066A-EA0E-2C6C-C990-95A226334B11}.Debug|Any CPU.Build.0 = Debug|Any CPU
		{0214066A-EA0E-2C6C-C990-95A226334B11}.Debug|x64.ActiveCfg = Debug|x64
		{0214066A-EA0E-2C6C-C990-95A226334B11}.Debug|x64.Build.0 = Debug|x64
		{0214066A-EA0E-2C6C-C990-95A226334B11}.Release|Any CPU.ActiveCfg = Release|Any CPU
		{0214066A-EA0E-2C6C-C990-95A226334B11}.Release|Any CPU.Build.0 = Release|Any CPU
		{0214066A-EA0E-2C6C-C990-95A226334B11}.Release|x64.ActiveCfg = Release|x64
		{0214066A-EA0E-2C6C-C990-95A226334B11}.Release|x64.Build.0 = Release|x64
	EndGlobalSection
	GlobalSection(SolutionProperties) = preSolution
		HideSolutionNode = FALSE
	EndGlobalSection
	GlobalSection(ExtensibilityGlobals) = postSolution
		SolutionGuid = {BDB49E4E-1100-4D27-AB76-CDC13CDE2118}
	EndGlobalSection
EndGlobal
